
Microsoft Visual Studio Solution File, Format Version 12.00
# Visual Studio Version 17
VisualStudioVersion = 17.11.35219.272
MinimumVisualStudioVersion = 10.0.40219.1
Project("{FAE04EC0-301F-11D3-BF4B-00C04F79EFBC}") = "PatientRegistryApi", "PatientRegistryApi\PatientRegistryApi.csproj", "{F76E82E4-731D-4D69-9DDE-0D949BEEB78F}"
EndProject
Global
	GlobalSection(SolutionConfigurationPlatforms) = preSolution
		Debug|Any CPU = Debug|Any CPU
		Release|Any CPU = Release|Any CPU
	EndGlobalSection
	GlobalSection(ProjectConfigurationPlatforms) = postSolution
		{F76E82E4-731D-4D69-9DDE-0D949BEEB78F}.Debug|Any CPU.ActiveCfg = Debug|Any CPU
		{F76E82E4-731D-4D69-9DDE-0D949BEEB78F}.Debug|Any CPU.Build.0 = Debug|Any CPU
		{F76E82E4-731D-4D69-9DDE-0D949BEEB78F}.Release|Any CPU.ActiveCfg = Release|Any CPU
		{F76E82E4-731D-4D69-9DDE-0D949BEEB78F}.Release|Any CPU.Build.0 = Release|Any CPU
	EndGlobalSection
	GlobalSection(SolutionProperties) = preSolution
		HideSolutionNode = FALSE
	EndGlobalSection
	GlobalSection(ExtensibilityGlobals) = postSolution
		SolutionGuid = {AA7935C8-D245-4BD4-AAC8-7F41444C0068}
	EndGlobalSection
EndGlobal
